SITE
  remote: https://supermarket.getchef.com/api/v1
  specs:
    homebrew (4.2.0)
    sudo (3.5.3)

GIT
  remote: https://github.com/carsomyr/chef-plist
  path: vendor/cookbooks/plist
  ref: master
  sha: 03db81f0abfa6b06e3144925e92488b3d3a20393
  specs:
    plist (0.9.4)

GIT
  remote: https://github.com/carsomyr/osx-bootstrap
  path: vendor/cookbooks/osx-bootstrap
  ref: master
  sha: eb85844f65cc0fe0630ef8d50b7a4b98c7687627
  specs:
    osx-bootstrap (0.9.0)
      homebrew (>= 0.0.0)
      plist (>= 0.0.0)
      ruby_rbenv (>= 0.0.0)

GIT
  remote: https://github.com/chef-rbenv/ruby_rbenv
  ref: master
  sha: 6b8b24563dba2780b100d5f7eda26a5a48fbc073
  specs:
    ruby_rbenv (2.0.4)

PATH
  remote: vendor/cookbooks/scalient-bootstrap
  specs:
    scalient-bootstrap (0.9.0)
      osx-bootstrap (>= 0.0.0)
      sudo (>= 0.0.0)

DEPENDENCIES
  osx-bootstrap (>= 0)
  plist (>= 0)
  ruby_rbenv (>= 0)
  scalient-bootstrap (>= 0)

