SITE
  remote: https://supermarket.chef.io/api/v1
  specs:
    homebrew (5.3.6)
    sudo (5.4.6)

GIT
  remote: https://github.com/carsomyr/chef-plist
  path: vendor/cookbooks/plist
  ref: master
  sha: b66cf5a243c26b33a8e822c69fd5beb20bf60836
  specs:
    plist (0.9.4)

GIT
  remote: https://github.com/carsomyr/os-bootstrap
  path: vendor/cookbooks/os-bootstrap
  ref: main
  sha: 045cdaf29aaea66c4f46bc31a25040d87862c761
  specs:
    os-bootstrap (0.9.0)
      homebrew (>= 0.0.0)
      plist (>= 0.0.0)
      ruby_rbenv (>= 0.0.0)
      sudo (>= 0.0.0)

GIT
  remote: https://github.com/chef-rbenv/ruby_rbenv
  ref: 3.0.0
  sha: 7953503c96221e25a19f90d8233a1fbcdd4d74e9
  specs:
    ruby_rbenv (3.0.0)

PATH
  remote: vendor/cookbooks/scalient-bootstrap
  specs:
    scalient-bootstrap (0.9.0)
      os-bootstrap (>= 0.0.0)

DEPENDENCIES
  homebrew (<= 5.3.6)
  os-bootstrap (>= 0)
  plist (>= 0)
  ruby_rbenv (>= 0)
  scalient-bootstrap (>= 0)
  sudo (< 5.4.7)

